
Microsoft Visual Studio Solution File, Format Version 12.00
# Visual Studio 2013
VisualStudioVersion = 12.0.40629.0
MinimumVisualStudioVersion = 10.0.40219.1
Project("{FAE04EC0-301F-11D3-BF4B-00C04F79EFBC}") = "MyAttribute", "MyAttribute\MyAttribute.csproj", "{BCEF3215-507F-4064-BA98-4A67E5E61691}"
EndProject
Global
	GlobalSection(SolutionConfigurationPlatforms) = preSolution
		Debug|Any CPU = Debug|Any CPU
		Release|Any CPU = Release|Any CPU
	EndGlobalSection
	GlobalSection(ProjectConfigurationPlatforms) = postSolution
		{BCEF3215-507F-4064-BA98-4A67E5E61691}.Debug|Any CPU.ActiveCfg = Debug|Any CPU
		{BCEF3215-507F-4064-BA98-4A67E5E61691}.Debug|Any CPU.Build.0 = Debug|Any CPU
		{BCEF3215-507F-4064-BA98-4A67E5E61691}.Release|Any CPU.ActiveCfg = Release|Any CPU
		{BCEF3215-507F-4064-BA98-4A67E5E61691}.Release|Any CPU.Build.0 = Release|Any CPU
	EndGlobalSection
	GlobalSection(SolutionProperties) = preSolution
		HideSolutionNode = FALSE
	EndGlobalSection
EndGlobal
